
Microsoft Visual Studio Solution File, Format Version 12.00
# Visual Studio Version 17
VisualStudioVersion = 17.1.32319.34
MinimumVisualStudioVersion = 10.0.40219.1
Project("{9A19103F-16F7-4668-BE54-9A1E7A4F7556}") = "Flash.Api", "Flash.Api\Flash.Api.csproj", "{79EB3CE8-6D0E-48FC-A2E3-C62F75E7BF26}"
EndProject
Project("{9A19103F-16F7-4668-BE54-9A1E7A4F7556}") = "Flash.Demo", "Flash.Demo\Flash.Demo.csproj", "{000545AE-1CC1-4B8C-8573-6342A537C726}"
EndProject
Project("{2150E333-8FDC-42A3-9474-1A3956D46DE8}") = "Database Files", "Database Files", "{7FC62A43-A092-4B8D-91C6-237AF5E6C1E4}"
EndProject
Global
	GlobalSection(SolutionConfigurationPlatforms) = preSolution
		Debug|Any CPU = Debug|Any CPU
		Release|Any CPU = Release|Any CPU
	EndGlobalSection
	GlobalSection(ProjectConfigurationPlatforms) = postSolution
		{79EB3CE8-6D0E-48FC-A2E3-C62F75E7BF26}.Debug|Any CPU.ActiveCfg = Debug|Any CPU
		{79EB3CE8-6D0E-48FC-A2E3-C62F75E7BF26}.Debug|Any CPU.Build.0 = Debug|Any CPU
		{79EB3CE8-6D0E-48FC-A2E3-C62F75E7BF26}.Release|Any CPU.ActiveCfg = Release|Any CPU
		{79EB3CE8-6D0E-48FC-A2E3-C62F75E7BF26}.Release|Any CPU.Build.0 = Release|Any CPU
		{000545AE-1CC1-4B8C-8573-6342A537C726}.Debug|Any CPU.ActiveCfg = Debug|Any CPU
		{000545AE-1CC1-4B8C-8573-6342A537C726}.Debug|Any CPU.Build.0 = Debug|Any CPU
		{000545AE-1CC1-4B8C-8573-6342A537C726}.Release|Any CPU.ActiveCfg = Release|Any CPU
		{000545AE-1CC1-4B8C-8573-6342A537C726}.Release|Any CPU.Build.0 = Release|Any CPU
	EndGlobalSection
	GlobalSection(SolutionProperties) = preSolution
		HideSolutionNode = FALSE
	EndGlobalSection
	GlobalSection(ExtensibilityGlobals) = postSolution
		SolutionGuid = {D657F218-953E-4634-A813-D9EA4E162A12}
	EndGlobalSection
EndGlobal
